
Microsoft Visual Studio Solution File, Format Version 12.00
# Visual Studio 15
VisualStudioVersion = 15.0.26730.15
MinimumVisualStudioVersion = 10.0.40219.1
Project("{FAE04EC0-301F-11D3-BF4B-00C04F79EFBC}") = "Decorator", "DecoratorAndExtensionObject\Decorator.csproj", "{EC1FC18A-0ED0-4C85-AC92-58C9FF68FC5B}"
EndProject
Project("{FAE04EC0-301F-11D3-BF4B-00C04F79EFBC}") = "ExtensionObject", "ExtensionObject\ExtensionObject.csproj", "{0281F2E6-7D34-49D0-ACEA-33BCEE2ED7A4}"
EndProject
Global
	GlobalSection(SolutionConfigurationPlatforms) = preSolution
		Debug|Any CPU = Debug|Any CPU
		Release|Any CPU = Release|Any CPU
	EndGlobalSection
	GlobalSection(ProjectConfigurationPlatforms) = postSolution
		{EC1FC18A-0ED0-4C85-AC92-58C9FF68FC5B}.Debug|Any CPU.ActiveCfg = Debug|Any CPU
		{EC1FC18A-0ED0-4C85-AC92-58C9FF68FC5B}.Debug|Any CPU.Build.0 = Debug|Any CPU
		{EC1FC18A-0ED0-4C85-AC92-58C9FF68FC5B}.Release|Any CPU.ActiveCfg = Release|Any CPU
		{EC1FC18A-0ED0-4C85-AC92-58C9FF68FC5B}.Release|Any CPU.Build.0 = Release|Any CPU
		{0281F2E6-7D34-49D0-ACEA-33BCEE2ED7A4}.Debug|Any CPU.ActiveCfg = Debug|Any CPU
		{0281F2E6-7D34-49D0-ACEA-33BCEE2ED7A4}.Debug|Any CPU.Build.0 = Debug|Any CPU
		{0281F2E6-7D34-49D0-ACEA-33BCEE2ED7A4}.Release|Any CPU.ActiveCfg = Release|Any CPU
		{0281F2E6-7D34-49D0-ACEA-33BCEE2ED7A4}.Release|Any CPU.Build.0 = Release|Any CPU
	EndGlobalSection
	GlobalSection(SolutionProperties) = preSolution
		HideSolutionNode = FALSE
	EndGlobalSection
	GlobalSection(ExtensibilityGlobals) = postSolution
		SolutionGuid = {58C10FFA-61A8-4D1A-AEEF-BED9863825BD}
	EndGlobalSection
EndGlobal
